
Microsoft Visual Studio Solution File, Format Version 12.00
# Visual Studio 15
VisualStudioVersion = 15.0.27130.2024
MinimumVisualStudioVersion = 10.0.40219.1
Project("{FAE04EC0-301F-11D3-BF4B-00C04F79EFBC}") = "AspNETIdentity_GoogleAuthenticator", "AspNETIdentity_GoogleAuthenticator\AspNETIdentity_GoogleAuthenticator.csproj", "{AB59EB04-EC40-4868-8427-A5670F99D56E}"
EndProject
Project("{FAE04EC0-301F-11D3-BF4B-00C04F79EFBC}") = "AspNETIdentity_GoogleAuthenticator.Tests", "AspNETIdentity_GoogleAuthenticator.Tests\AspNETIdentity_GoogleAuthenticator.Tests.csproj", "{64AEC1FA-19E4-4132-A901-5804FF976248}"
EndProject
Global
	GlobalSection(SolutionConfigurationPlatforms) = preSolution
		Debug|Any CPU = Debug|Any CPU
		Release|Any CPU = Release|Any CPU
	EndGlobalSection
	GlobalSection(ProjectConfigurationPlatforms) = postSolution
		{AB59EB04-EC40-4868-8427-A5670F99D56E}.Debug|Any CPU.ActiveCfg = Debug|Any CPU
		{AB59EB04-EC40-4868-8427-A5670F99D56E}.Debug|Any CPU.Build.0 = Debug|Any CPU
		{AB59EB04-EC40-4868-8427-A5670F99D56E}.Release|Any CPU.ActiveCfg = Release|Any CPU
		{AB59EB04-EC40-4868-8427-A5670F99D56E}.Release|Any CPU.Build.0 = Release|Any CPU
		{64AEC1FA-19E4-4132-A901-5804FF976248}.Debug|Any CPU.ActiveCfg = Debug|Any CPU
		{64AEC1FA-19E4-4132-A901-5804FF976248}.Debug|Any CPU.Build.0 = Debug|Any CPU
		{64AEC1FA-19E4-4132-A901-5804FF976248}.Release|Any CPU.ActiveCfg = Release|Any CPU
		{64AEC1FA-19E4-4132-A901-5804FF976248}.Release|Any CPU.Build.0 = Release|Any CPU
	EndGlobalSection
	GlobalSection(SolutionProperties) = preSolution
		HideSolutionNode = FALSE
	EndGlobalSection
	GlobalSection(ExtensibilityGlobals) = postSolution
		SolutionGuid = {CEF9E858-957F-40F0-9AE5-AEE1D5D16828}
	EndGlobalSection
EndGlobal
